
Microsoft Visual Studio Solution File, Format Version 12.00
# Visual Studio Version 17
VisualStudioVersion = 17.7.34202.233
MinimumVisualStudioVersion = 10.0.40219.1
Project("{9A19103F-16F7-4668-BE54-9A1E7A4F7556}") = "Objectivity.AutoFixture.XUnit2.Core", "Objectivity.AutoFixture.XUnit2.Core\Objectivity.AutoFixture.XUnit2.Core.csproj", "{A639D1F4-C3D5-499F-944B-DEE361C20082}"
EndProject
Project("{9A19103F-16F7-4668-BE54-9A1E7A4F7556}") = "Objectivity.AutoFixture.XUnit2.Core.Tests", "Objectivity.AutoFixture.XUnit2.Core.Tests\Objectivity.AutoFixture.XUnit2.Core.Tests.csproj", "{D9095A71-49FC-47FE-8C49-1677EBE42B53}"
EndProject
Global
	GlobalSection(SolutionConfigurationPlatforms) = preSolution
		Debug|Any CPU = Debug|Any CPU
		Release|Any CPU = Release|Any CPU
	EndGlobalSection
	GlobalSection(ProjectConfigurationPlatforms) = postSolution
		{A639D1F4-C3D5-499F-944B-DEE361C20082}.Debug|Any CPU.ActiveCfg = Debug|Any CPU
		{A639D1F4-C3D5-499F-944B-DEE361C20082}.Debug|Any CPU.Build.0 = Debug|Any CPU
		{A639D1F4-C3D5-499F-944B-DEE361C20082}.Release|Any CPU.ActiveCfg = Release|Any CPU
		{A639D1F4-C3D5-499F-944B-DEE361C20082}.Release|Any CPU.Build.0 = Release|Any CPU
		{D9095A71-49FC-47FE-8C49-1677EBE42B53}.Debug|Any CPU.ActiveCfg = Debug|Any CPU
		{D9095A71-49FC-47FE-8C49-1677EBE42B53}.Debug|Any CPU.Build.0 = Debug|Any CPU
		{D9095A71-49FC-47FE-8C49-1677EBE42B53}.Release|Any CPU.ActiveCfg = Release|Any CPU
		{D9095A71-49FC-47FE-8C49-1677EBE42B53}.Release|Any CPU.Build.0 = Release|Any CPU
	EndGlobalSection
	GlobalSection(SolutionProperties) = preSolution
		HideSolutionNode = FALSE
	EndGlobalSection
	GlobalSection(ExtensibilityGlobals) = postSolution
		SolutionGuid = {D092E697-BEB8-4A00-B37E-4109FD2B17E7}
	EndGlobalSection
EndGlobal
